
Microsoft Visual Studio Solution File, Format Version 12.00
# Visual Studio 15
Project("{FAE04EC0-301F-11D3-BF4B-00C04F79EFBC}") = "alice", "Assembly-CSharp.csproj", "{8569641F-26B6-8B47-2252-518CE858096A}"
EndProject
Project("{FAE04EC0-301F-11D3-BF4B-00C04F79EFBC}") = "alice", "Assembly-CSharp-Editor.csproj", "{AC2F3E93-EA7C-D233-BEDC-AE98F7791911}"
EndProject
Global
	GlobalSection(SolutionConfigurationPlatforms) = preSolution
		Debug|Any CPU = Debug|Any CPU
		Release|Any CPU = Release|Any CPU
	EndGlobalSection
	GlobalSection(ProjectConfigurationPlatforms) = postSolution
		{8569641F-26B6-8B47-2252-518CE858096A}.Debug|Any CPU.ActiveCfg = Debug|Any CPU
		{8569641F-26B6-8B47-2252-518CE858096A}.Debug|Any CPU.Build.0 = Debug|Any CPU
		{8569641F-26B6-8B47-2252-518CE858096A}.Release|Any CPU.ActiveCfg = Release|Any CPU
		{8569641F-26B6-8B47-2252-518CE858096A}.Release|Any CPU.Build.0 = Release|Any CPU
		{AC2F3E93-EA7C-D233-BEDC-AE98F7791911}.Debug|Any CPU.ActiveCfg = Debug|Any CPU
		{AC2F3E93-EA7C-D233-BEDC-AE98F7791911}.Debug|Any CPU.Build.0 = Debug|Any CPU
		{AC2F3E93-EA7C-D233-BEDC-AE98F7791911}.Release|Any CPU.ActiveCfg = Release|Any CPU
		{AC2F3E93-EA7C-D233-BEDC-AE98F7791911}.Release|Any CPU.Build.0 = Release|Any CPU
	EndGlobalSection
	GlobalSection(SolutionProperties) = preSolution
		HideSolutionNode = FALSE
	EndGlobalSection
EndGlobal
